
Microsoft Visual Studio Solution File, Format Version 11.00
# Visual Studio 2010
Project("{FAE04EC0-301F-11D3-BF4B-00C04F79EFBC}") = "BoundaryValue", "BoundaryValue\BoundaryValue.csproj", "{8D24DF8E-B479-487B-B776-04EAA6560CF9}"
EndProject
Global
	GlobalSection(SolutionConfigurationPlatforms) = preSolution
		Debug|x86 = Debug|x86
		Release|x86 = Release|x86
	EndGlobalSection
	GlobalSection(ProjectConfigurationPlatforms) = postSolution
		{8D24DF8E-B479-487B-B776-04EAA6560CF9}.Debug|x86.ActiveCfg = Debug|x86
		{8D24DF8E-B479-487B-B776-04EAA6560CF9}.Debug|x86.Build.0 = Debug|x86
		{8D24DF8E-B479-487B-B776-04EAA6560CF9}.Release|x86.ActiveCfg = Release|x86
		{8D24DF8E-B479-487B-B776-04EAA6560CF9}.Release|x86.Build.0 = Release|x86
	EndGlobalSection
	GlobalSection(SolutionProperties) = preSolution
		HideSolutionNode = FALSE
	EndGlobalSection
EndGlobal
